
Microsoft Visual Studio Solution File, Format Version 12.00
# Visual Studio Version 16
VisualStudioVersion = 25.0.1700.4
MinimumVisualStudioVersion = 10.0.40219.1
Project("{FAE04EC0-301F-11D3-BF4B-00C04F79EFBC}") = "AgendaSecretario", "AgendaSecretario\AgendaSecretario.csproj", "{BFD59A2F-DDA2-4F69-8CED-0B6FCABEDF7C}"
EndProject
Global
	GlobalSection(SolutionConfigurationPlatforms) = preSolution
		Debug|Any CPU = Debug|Any CPU
		Release|Any CPU = Release|Any CPU
	EndGlobalSection
	GlobalSection(ProjectConfigurationPlatforms) = postSolution
		{BFD59A2F-DDA2-4F69-8CED-0B6FCABEDF7C}.Debug|Any CPU.ActiveCfg = Debug|Any CPU
		{BFD59A2F-DDA2-4F69-8CED-0B6FCABEDF7C}.Debug|Any CPU.Build.0 = Debug|Any CPU
		{BFD59A2F-DDA2-4F69-8CED-0B6FCABEDF7C}.Release|Any CPU.ActiveCfg = Release|Any CPU
		{BFD59A2F-DDA2-4F69-8CED-0B6FCABEDF7C}.Release|Any CPU.Build.0 = Release|Any CPU
	EndGlobalSection
	GlobalSection(SolutionProperties) = preSolution
		HideSolutionNode = FALSE
	EndGlobalSection
	GlobalSection(ExtensibilityGlobals) = postSolution
		SolutionGuid = {E95F0D02-1B9A-4621-A90E-844DF9B564D4}
	EndGlobalSection
EndGlobal
